// !$*UTF8*$!
{
	archiveVersion = 1;
	classes = {
	};
	objectVersion = 55;
	objects = {

/* Begin PBXBuildFile section */
		CEF9A8B02791A6A200DA15A2 /* SignInPAgeApp.swift in Sources */ = {isa = PBXBuildFile; fileRef = CEF9A8AF2791A6A200DA15A2 /* SignInPAgeApp.swift */; };
		CEF9A8B22791A6A200DA15A2 /* ContentView.swift in Sources */ = {isa = PBXBuildFile; fileRef = CEF9A8B12791A6A200DA15A2 /* ContentView.swift */; };
		CEF9A8B42791A6A200DA15A2 /* Assets.xcassets in Resources */ = {isa = PBXBuildFile; fileRef = CEF9A8B32791A6A200DA15A2 /* Assets.xcassets */; };
		CEF9A8B72791A6A200DA15A2 /* Preview Assets.xcassets in Resources */ = {isa = PBXBuildFile; fileRef = CEF9A8B62791A6A200DA15A2 /* Preview Assets.xcassets */; };
		CEF9A8C02791A86000DA15A2 /* SignIn.swift in Sources */ = {isa = PBXBuildFile; fileRef = CEF9A8BF2791A86000DA15A2 /* SignIn.swift */; };
		CEF9A8C22791A86E00DA15A2 /* SignUP.swift in Sources */ = {isa = PBXBuildFile; fileRef = CEF9A8C12791A86E00DA15A2 /* SignUP.swift */; };
		CEF9A8C42791FB7000DA15A2 /* StartCenter.swift in Sources */ = {isa = PBXBuildFile; fileRef = CEF9A8C32791FB7000DA15A2 /* StartCenter.swift */; };
		CEF9A8C62792EFD800DA15A2 /* Status.swift in Sources */ = {isa = PBXBuildFile; fileRef = CEF9A8C52792EFD700DA15A2 /* Status.swift */; };
/* End PBXBuildFile section */

/* Begin PBXFileReference section */
		CEF9A8AC2791A6A200DA15A2 /* SignInPAge.app */ = {isa = PBXFileReference; explicitFileType = wrapper.application; includeInIndex = 0; path = SignInPAge.app; sourceTree = BUILT_PRODUCTS_DIR; };
		CEF9A8AF2791A6A200DA15A2 /* SignInPAgeApp.swift */ = {isa = PBXFileReference; lastKnownFileType = sourcecode.swift; path = SignInPAgeApp.swift; sourceTree = "<group>"; };
		CEF9A8B12791A6A200DA15A2 /* ContentView.swift */ = {isa = PBXFileReference; lastKnownFileType = sourcecode.swift; path = ContentView.swift; sourceTree = "<group>"; };
		CEF9A8B32791A6A200DA15A2 /* Assets.xcassets */ = {isa = PBXFileReference; lastKnownFileType = folder.assetcatalog; path = Assets.xcassets; sourceTree = "<group>"; };
		CEF9A8B62791A6A200DA15A2 /* Preview Assets.xcassets */ = {isa = PBXFileReference; lastKnownFileType = folder.assetcatalog; path = "Preview Assets.xcassets"; sourceTree = "<group>"; };
		CEF9A8BF2791A86000DA15A2 /* SignIn.swift */ = {isa = PBXFileReference; lastKnownFileType = sourcecode.swift; path = SignIn.swift; sourceTree = "<group>"; };
		CEF9A8C12791A86E00DA15A2 /* SignUP.swift */ = {isa = PBXFileReference; lastKnownFileType = sourcecode.swift; path = SignUP.swift; sourceTree = "<group>"; };
		CEF9A8C32791FB7000DA15A2 /* StartCenter.swift */ = {isa = PBXFileReference; lastKnownFileType = sourcecode.swift; path = StartCenter.swift; sourceTree = "<group>"; };
		CEF9A8C52792EFD700DA15A2 /* Status.swift */ = {isa = PBXFileReference; lastKnownFileType = sourcecode.swift; path = Status.swift; sourceTree = "<group>"; };
/* End PBXFileReference section */

/* Begin PBXFrameworksBuildPhase section */
		CEF9A8A92791A6A200DA15A2 /* Frameworks */ = {
			isa = PBXFrameworksBuildPhase;
			buildActionMask = 2147483647;
			files = (
			);
			runOnlyForDeploymentPostprocessing = 0;
		};
/* End PBXFrameworksBuildPhase section */

/* Begin PBXGroup section */
		CEF9A8A32791A6A200DA15A2 = {
			isa = PBXGroup;
			children = (
				CEF9A8AE2791A6A200DA15A2 /* SignInPAge */,
				CEF9A8AD2791A6A200DA15A2 /* Products */,
			);
			sourceTree = "<group>";
		};
		CEF9A8AD2791A6A200DA15A2 /* Products */ = {
			isa = PBXGroup;
			children = (
				CEF9A8AC2791A6A200DA15A2 /* SignInPAge.app */,
			);
			name = Products;
			sourceTree = "<group>";
		};
		CEF9A8AE2791A6A200DA15A2 /* SignInPAge */ = {
			isa = PBXGroup;
			children = (
				CEF9A8AF2791A6A200DA15A2 /* SignInPAgeApp.swift */,
				CEF9A8C52792EFD700DA15A2 /* Status.swift */,
				CEF9A8C32791FB7000DA15A2 /* StartCenter.swift */,
				CEF9A8BD2791A83500DA15A2 /* Screens */,
				CEF9A8BE2791A84400DA15A2 /* AppUtils */,
				CEF9A8B52791A6A200DA15A2 /* Preview Content */,
			);
			path = SignInPAge;
			sourceTree = "<group>";
		};
		CEF9A8B52791A6A200DA15A2 /* Preview Content */ = {
			isa = PBXGroup;
			children = (
				CEF9A8B62791A6A200DA15A2 /* Preview Assets.xcassets */,
			);
			path = "Preview Content";
			sourceTree = "<group>";
		};
		CEF9A8BD2791A83500DA15A2 /* Screens */ = {
			isa = PBXGroup;
			children = (
				CEF9A8B12791A6A200DA15A2 /* ContentView.swift */,
				CEF9A8BF2791A86000DA15A2 /* SignIn.swift */,
				CEF9A8C12791A86E00DA15A2 /* SignUP.swift */,
			);
			path = Screens;
			sourceTree = "<group>";
		};
		CEF9A8BE2791A84400DA15A2 /* AppUtils */ = {
			isa = PBXGroup;
			children = (
				CEF9A8B32791A6A200DA15A2 /* Assets.xcassets */,
			);
			path = AppUtils;
			sourceTree = "<group>";
		};
/* End PBXGroup section */

/* Begin PBXNativeTarget section */
		CEF9A8AB2791A6A200DA15A2 /* SignInPAge */ = {
			isa = PBXNativeTarget;
			buildConfigurationList = CEF9A8BA2791A6A200DA15A2 /* Build configuration list for PBXNativeTarget "SignInPAge" */;
			buildPhases = (
				CEF9A8A82791A6A200DA15A2 /* Sources */,
				CEF9A8A92791A6A200DA15A2 /* Frameworks */,
				CEF9A8AA2791A6A200DA15A2 /* Resources */,
			);
			buildRules = (
			);
			dependencies = (
			);
			name = SignInPAge;
			productName = SignInPAge;
			productReference = CEF9A8AC2791A6A200DA15A2 /* SignInPAge.app */;
			productType = "com.apple.product-type.application";
		};
/* End PBXNativeTarget section */

/* Begin PBXProject section */
		CEF9A8A42791A6A200DA15A2 /* Project object */ = {
			isa = PBXProject;
			attributes = {
				BuildIndependentTargetsInParallel = 1;
				LastSwiftUpdateCheck = 1320;
				LastUpgradeCheck = 1320;
				TargetAttributes = {
					CEF9A8AB2791A6A200DA15A2 = {
						CreatedOnToolsVersion = 13.2.1;
					};
				};
			};
			buildConfigurationList = CEF9A8A72791A6A200DA15A2 /* Build configuration list for PBXProject "SignInPAge" */;
			compatibilityVersion = "Xcode 13.0";
			developmentRegion = en;
			hasScannedForEncodings = 0;
			knownRegions = (
				en,
				Base,
			);
			mainGroup = CEF9A8A32791A6A200DA15A2;
			productRefGroup = CEF9A8AD2791A6A200DA15A2 /* Products */;
			projectDirPath = "";
			projectRoot = "";
			targets = (
				CEF9A8AB2791A6A200DA15A2 /* SignInPAge */,
			);
		};
/* End PBXProject section */

/* Begin PBXResourcesBuildPhase section */
		CEF9A8AA2791A6A200DA15A2 /* Resources */ = {
			isa = PBXResourcesBuildPhase;
			buildActionMask = 2147483647;
			files = (
				CEF9A8B72791A6A200DA15A2 /* Preview Assets.xcassets in Resources */,
				CEF9A8B42791A6A200DA15A2 /* Assets.xcassets in Resources */,
			);
			runOnlyForDeploymentPostprocessing = 0;
		};
/* End PBXResourcesBuildPhase section */

/* Begin PBXSourcesBuildPhase section */
		CEF9A8A82791A6A200DA15A2 /* Sources */ = {
			isa = PBXSourcesBuildPhase;
			buildActionMask = 2147483647;
			files = (
				CEF9A8B22791A6A200DA15A2 /* ContentView.swift in Sources */,
				CEF9A8C22791A86E00DA15A2 /* SignUP.swift in Sources */,
				CEF9A8C42791FB7000DA15A2 /* StartCenter.swift in Sources */,
				CEF9A8C02791A86000DA15A2 /* SignIn.swift in Sources */,
				CEF9A8B02791A6A200DA15A2 /* SignInPAgeApp.swift in Sources */,
				CEF9A8C62792EFD800DA15A2 /* Status.swift in Sources */,
			);
			runOnlyForDeploymentPostprocessing = 0;
		};
/* End PBXSourcesBuildPhase section */

/* Begin XCBuildConfiguration section */
		CEF9A8B82791A6A200DA15A2 /* Debug */ = {
			isa = XCBuildConfiguration;
			buildSettings = {
				ALWAYS_SEARCH_USER_PATHS = NO;
				CLANG_ANALYZER_NONNULL = YES;
				CLANG_ANALYZER_NUMBER_OBJECT_CONVERSION = YES_AGGRESSIVE;
				CLANG_CXX_LANGUAGE_STANDARD = "gnu++17";
				CLANG_CXX_LIBRARY = "libc++";
				CLANG_ENABLE_MODULES = YES;
				CLANG_ENABLE_OBJC_ARC = YES;
				CLANG_ENABLE_OBJC_WEAK = YES;
				CLANG_WARN_BLOCK_CAPTURE_AUTORELEASING = YES;
				CLANG_WARN_BOOL_CONVERSION = YES;
				CLANG_WARN_COMMA = YES;
				CLANG_WARN_CONSTANT_CONVERSION = YES;
				CLANG_WARN_DEPRECATED_OBJC_IMPLEMENTATIONS = YES;
				CLANG_WARN_DIRECT_OBJC_ISA_USAGE = YES_ERROR;
				CLANG_WARN_DOCUMENTATION_COMMENTS = YES;
				CLANG_WARN_EMPTY_BODY = YES;
				CLANG_WARN_ENUM_CONVERSION = YES;
				CLANG_WARN_INFINITE_RECURSION = YES;
				CLANG_WARN_INT_CONVERSION = YES;
				CLANG_WARN_NON_LITERAL_NULL_CONVERSION = YES;
				CLANG_WARN_OBJC_IMPLICIT_RETAIN_SELF = YES;
				CLANG_WARN_OBJC_LITERAL_CONVERSION = YES;
				CLANG_WARN_OBJC_ROOT_CLASS = YES_ERROR;
				CLANG_WARN_QUOTED_INCLUDE_IN_FRAMEWORK_HEADER = YES;
				CLANG_WARN_RANGE_LOOP_ANALYSIS = YES;
				CLANG_WARN_STRICT_PROTOTYPES = YES;
				CLANG_WARN_SUSPICIOUS_MOVE = YES;
				CLANG_WARN_UNGUARDED_AVAILABILITY = YES_AGGRESSIVE;
				CLANG_WARN_UNREACHABLE_CODE = YES;
				CLANG_WARN__DUPLICATE_METHOD_MATCH = YES;
				COPY_PHASE_STRIP = NO;
				DEBUG_INFORMATION_FORMAT = dwarf;
				ENABLE_STRICT_OBJC_MSGSEND = YES;
				ENABLE_TESTABILITY = YES;
				GCC_C_LANGUAGE_STANDARD = gnu11;
				GCC_DYNAMIC_NO_PIC = NO;
				GCC_NO_COMMON_BLOCKS = YES;
				GCC_OPTIMIZATION_LEVEL = 0;
				GCC_PREPROCESSOR_DEFINITIONS = (
					"DEBUG=1",
					"$(inherited)",
				);
				GCC_WARN_64_TO_32_BIT_CONVERSION = YES;
				GCC_WARN_ABOUT_RETURN_TYPE = YES_ERROR;
				GCC_WARN_UNDECLARED_SELECTOR = YES;
				GCC_WARN_UNINITIALIZED_AUTOS = YES_AGGRESSIVE;
				GCC_WARN_UNUSED_FUNCTION = YES;
				GCC_WARN_UNUSED_VARIABLE = YES;
				IPHONEOS_DEPLOYMENT_TARGET = 15.2;
				MTL_ENABLE_DEBUG_INFO = INCLUDE_SOURCE;
				MTL_FAST_MATH = YES;
				ONLY_ACTIVE_ARCH = YES;
				SDKROOT = iphoneos;
				SWIFT_ACTIVE_COMPILATION_CONDITIONS = DEBUG;
				SWIFT_OPTIMIZATION_LEVEL = "-Onone";
			};
			name = Debug;
		};
		CEF9A8B92791A6A200DA15A2 /* Release */ = {
			isa = XCBuildConfiguration;
			buildSettings = {
				ALWAYS_SEARCH_USER_PATHS = NO;
				CLANG_ANALYZER_NONNULL = YES;
				CLANG_ANALYZER_NUMBER_OBJECT_CONVERSION = YES_AGGRESSIVE;
				CLANG_CXX_LANGUAGE_STANDARD = "gnu++17";
				CLANG_CXX_LIBRARY = "libc++";
				CLANG_ENABLE_MODULES = YES;
				CLANG_ENABLE_OBJC_ARC = YES;
				CLANG_ENABLE_OBJC_WEAK = YES;
				CLANG_WARN_BLOCK_CAPTURE_AUTORELEASING = YES;
				CLANG_WARN_BOOL_CONVERSION = YES;
				CLANG_WARN_COMMA = YES;
				CLANG_WARN_CONSTANT_CONVERSION = YES;
				CLANG_WARN_DEPRECATED_OBJC_IMPLEMENTATIONS = YES;
				CLANG_WARN_DIRECT_OBJC_ISA_USAGE = YES_ERROR;
				CLANG_WARN_DOCUMENTATION_COMMENTS = YES;
				CLANG_WARN_EMPTY_BODY = YES;
				CLANG_WARN_ENUM_CONVERSION = YES;
				CLANG_WARN_INFINITE_RECURSION = YES;
				CLANG_WARN_INT_CONVERSION = YES;
				CLANG_WARN_NON_LITERAL_NULL_CONVERSION = YES;
				CLANG_WARN_OBJC_IMPLICIT_RETAIN_SELF = YES;
				CLANG_WARN_OBJC_LITERAL_CONVERSION = YES;
				CLANG_WARN_OBJC_ROOT_CLASS = YES_ERROR;
				CLANG_WARN_QUOTED_INCLUDE_IN_FRAMEWORK_HEADER = YES;
				CLANG_WARN_RANGE_LOOP_ANALYSIS = YES;
				CLANG_WARN_STRICT_PROTOTYPES = YES;
				CLANG_WARN_SUSPICIOUS_MOVE = YES;
				CLANG_WARN_UNGUARDED_AVAILABILITY = YES_AGGRESSIVE;
				CLANG_WARN_UNREACHABLE_CODE = YES;
				CLANG_WARN__DUPLICATE_METHOD_MATCH = YES;
				COPY_PHASE_STRIP = NO;
				DEBUG_INFORMATION_FORMAT = "dwarf-with-dsym";
				ENABLE_NS_ASSERTIONS = NO;
				ENABLE_STRICT_OBJC_MSGSEND = YES;
				GCC_C_LANGUAGE_STANDARD = gnu11;
				GCC_NO_COMMON_BLOCKS = YES;
				GCC_WARN_64_TO_32_BIT_CONVERSION = YES;
				GCC_WARN_ABOUT_RETURN_TYPE = YES_ERROR;
				GCC_WARN_UNDECLARED_SELECTOR = YES;
				GCC_WARN_UNINITIALIZED_AUTOS = YES_AGGRESSIVE;
				GCC_WARN_UNUSED_FUNCTION = YES;
				GCC_WARN_UNUSED_VARIABLE = YES;
				IPHONEOS_DEPLOYMENT_TARGET = 15.2;
				MTL_ENABLE_DEBUG_INFO = NO;
				MTL_FAST_MATH = YES;
				SDKROOT = iphoneos;
				SWIFT_COMPILATION_MODE = wholemodule;
				SWIFT_OPTIMIZATION_LEVEL = "-O";
				VALIDATE_PRODUCT = YES;
			};
			name = Release;
		};
		CEF9A8BB2791A6A200DA15A2 /* Debug */ = {
			isa = XCBuildConfiguration;
			buildSettings = {
				ASSETCATALOG_COMPILER_APPICON_NAME = AppIcon;
				ASSETCATALOG_COMPILER_GLOBAL_ACCENT_COLOR_NAME = AccentColor;
				CODE_SIGN_STYLE = Automatic;
				CURRENT_PROJECT_VERSION = 1;
				DEVELOPMENT_ASSET_PATHS = "\"SignInPAge/Preview Content\"";
				ENABLE_PREVIEWS = YES;
				GENERATE_INFOPLIST_FILE = YES;
				INFOPLIST_KEY_UIApplicationSceneManifest_Generation = YES;
				INFOPLIST_KEY_UIApplicationSupportsIndirectInputEvents = YES;
				INFOPLIST_KEY_UILaunchScreen_Generation = YES;
				INFOPLIST_KEY_UISupportedInterfaceOrientations_iPad = "UIInterfaceOrientationPortrait UIInterfaceOrientationPortraitUpsideDown UIInterfaceOrientationLandscapeLeft UIInterfaceOrientationLandscapeRight";
				INFOPLIST_KEY_UISupportedInterfaceOrientations_iPhone = "UIInterfaceOrientationPortrait UIInterfaceOrientationLandscapeLeft UIInterfaceOrientationLandscapeRight";
				LD_RUNPATH_SEARCH_PATHS = (
					"$(inherited)",
					"@executable_path/Frameworks",
				);
				MARKETING_VERSION = 1.0;
				PRODUCT_BUNDLE_IDENTIFIER = com.iMtRo.SignInPAge;
				PRODUCT_NAME = "$(TARGET_NAME)";
				SWIFT_EMIT_LOC_STRINGS = YES;
				SWIFT_VERSION = 5.0;
				TARGETED_DEVICE_FAMILY = "1,2";
			};
			name = Debug;
		};
		CEF9A8BC2791A6A200DA15A2 /* Release */ = {
			isa = XCBuildConfiguration;
			buildSettings = {
				ASSETCATALOG_COMPILER_APPICON_NAME = AppIcon;
				ASSETCATALOG_COMPILER_GLOBAL_ACCENT_COLOR_NAME = AccentColor;
				CODE_SIGN_STYLE = Automatic;
				CURRENT_PROJECT_VERSION = 1;
				DEVELOPMENT_ASSET_PATHS = "\"SignInPAge/Preview Content\"";
				ENABLE_PREVIEWS = YES;
				GENERATE_INFOPLIST_FILE = YES;
				INFOPLIST_KEY_UIApplicationSceneManifest_Generation = YES;
				INFOPLIST_KEY_UIApplicationSupportsIndirectInputEvents = YES;
				INFOPLIST_KEY_UILaunchScreen_Generation = YES;
				INFOPLIST_KEY_UISupportedInterfaceOrientations_iPad = "UIInterfaceOrientationPortrait UIInterfaceOrientationPortraitUpsideDown UIInterfaceOrientationLandscapeLeft UIInterfaceOrientationLandscapeRight";
				INFOPLIST_KEY_UISupportedInterfaceOrientations_iPhone = "UIInterfaceOrientationPortrait UIInterfaceOrientationLandscapeLeft UIInterfaceOrientationLandscapeRight";
				LD_RUNPATH_SEARCH_PATHS = (
					"$(inherited)",
					"@executable_path/Frameworks",
				);
				MARKETING_VERSION = 1.0;
				PRODUCT_BUNDLE_IDENTIFIER = com.iMtRo.SignInPAge;
				PRODUCT_NAME = "$(TARGET_NAME)";
				SWIFT_EMIT_LOC_STRINGS = YES;
				SWIFT_VERSION = 5.0;
				TARGETED_DEVICE_FAMILY = "1,2";
			};
			name = Release;
		};
/* End XCBuildConfiguration section */

/* Begin XCConfigurationList section */
		CEF9A8A72791A6A200DA15A2 /* Build configuration list for PBXProject "SignInPAge" */ = {
			isa = XCConfigurationList;
			buildConfigurations = (
				CEF9A8B82791A6A200DA15A2 /* Debug */,
				CEF9A8B92791A6A200DA15A2 /* Release */,
			);
			defaultConfigurationIsVisible = 0;
			defaultConfigurationName = Release;
		};
		CEF9A8BA2791A6A200DA15A2 /* Build configuration list for PBXNativeTarget "SignInPAge" */ = {
			isa = XCConfigurationList;
			buildConfigurations = (
				CEF9A8BB2791A6A200DA15A2 /* Debug */,
				CEF9A8BC2791A6A200DA15A2 /* Release */,
			);
			defaultConfigurationIsVisible = 0;
			defaultConfigurationName = Release;
		};
/* End XCConfigurationList section */
	};
	rootObject = CEF9A8A42791A6A200DA15A2 /* Project object */;
}
